// !$*UTF8*$!
{
	archiveVersion = 1;
	classes = {
	};
	objectVersion = 46;
	objects = {

/* Begin PBXBuildFile section */
		7C7AC30D1CB6755E0055D9F0 /* main.swift in Sources */ = {isa = PBXBuildFile; fileRef = 7C7AC30C1CB6755E0055D9F0 /* main.swift */; };
		7C7AC3141CB675700055D9F0 /* Person.swift in Sources */ = {isa = PBXBuildFile; fileRef = 7C7AC3131CB675700055D9F0 /* Person.swift */; };
		7C7AC3161CB676A40055D9F0 /* helpers.swift in Sources */ = {isa = PBXBuildFile; fileRef = 7C7AC3151CB676A40055D9F0 /* helpers.swift */; };
/* End PBXBuildFile section */

/* Begin PBXCopyFilesBuildPhase section */
		7C7AC3071CB6755D0055D9F0 /* CopyFiles */ = {
			isa = PBXCopyFilesBuildPhase;
			buildActionMask = 2147483647;
			dstPath = /usr/share/man/man1/;
			dstSubfolderSpec = 0;
			files = (
			);
			runOnlyForDeploymentPostprocessing = 1;
		};
/* End PBXCopyFilesBuildPhase section */

/* Begin PBXFileReference section */
		7C7AC3091CB6755E0055D9F0 /* PeopleDatabase */ = {isa = PBXFileReference; explicitFileType = "compiled.mach-o.executable"; includeInIndex = 0; path = PeopleDatabase; sourceTree = BUILT_PRODUCTS_DIR; };
		7C7AC30C1CB6755E0055D9F0 /* main.swift */ = {isa = PBXFileReference; lastKnownFileType = sourcecode.swift; path = main.swift; sourceTree = "<group>"; };
		7C7AC3131CB675700055D9F0 /* Person.swift */ = {isa = PBXFileReference; fileEncoding = 4; lastKnownFileType = sourcecode.swift; path = Person.swift; sourceTree = "<group>"; };
		7C7AC3151CB676A40055D9F0 /* helpers.swift */ = {isa = PBXFileReference; fileEncoding = 4; lastKnownFileType = sourcecode.swift; path = helpers.swift; sourceTree = "<group>"; };
/* End PBXFileReference section */

/* Begin PBXFrameworksBuildPhase section */
		7C7AC3061CB6755D0055D9F0 /* Frameworks */ = {
			isa = PBXFrameworksBuildPhase;
			buildActionMask = 2147483647;
			files = (
			);
			runOnlyForDeploymentPostprocessing = 0;
		};
/* End PBXFrameworksBuildPhase section */

/* Begin PBXGroup section */
		7C7AC3001CB6755D0055D9F0 = {
			isa = PBXGroup;
			children = (
				7C7AC30B1CB6755E0055D9F0 /* PeopleDatabase */,
				7C7AC30A1CB6755E0055D9F0 /* Products */,
			);
			sourceTree = "<group>";
		};
		7C7AC30A1CB6755E0055D9F0 /* Products */ = {
			isa = PBXGroup;
			children = (
				7C7AC3091CB6755E0055D9F0 /* PeopleDatabase */,
			);
			name = Products;
			sourceTree = "<group>";
		};
		7C7AC30B1CB6755E0055D9F0 /* PeopleDatabase */ = {
			isa = PBXGroup;
			children = (
				7C7AC3151CB676A40055D9F0 /* helpers.swift */,
				7C7AC30C1CB6755E0055D9F0 /* main.swift */,
				7C7AC3131CB675700055D9F0 /* Person.swift */,
			);
			path = PeopleDatabase;
			sourceTree = "<group>";
		};
/* End PBXGroup section */

/* Begin PBXNativeTarget section */
		7C7AC3081CB6755D0055D9F0 /* PeopleDatabase */ = {
			isa = PBXNativeTarget;
			buildConfigurationList = 7C7AC3101CB6755E0055D9F0 /* Build configuration list for PBXNativeTarget "PeopleDatabase" */;
			buildPhases = (
				7C7AC3051CB6755D0055D9F0 /* Sources */,
				7C7AC3061CB6755D0055D9F0 /* Frameworks */,
				7C7AC3071CB6755D0055D9F0 /* CopyFiles */,
			);
			buildRules = (
			);
			dependencies = (
			);
			name = PeopleDatabase;
			productName = PeopleDatabase;
			productReference = 7C7AC3091CB6755E0055D9F0 /* PeopleDatabase */;
			productType = "com.apple.product-type.tool";
		};
/* End PBXNativeTarget section */

/* Begin PBXProject section */
		7C7AC3011CB6755D0055D9F0 /* Project object */ = {
			isa = PBXProject;
			attributes = {
				LastSwiftUpdateCheck = 0730;
				LastUpgradeCheck = 0730;
				ORGANIZATIONNAME = HyunWindows;
				TargetAttributes = {
					7C7AC3081CB6755D0055D9F0 = {
						CreatedOnToolsVersion = 7.3;
					};
				};
			};
			buildConfigurationList = 7C7AC3041CB6755D0055D9F0 /* Build configuration list for PBXProject "PeopleDatabase" */;
			compatibilityVersion = "Xcode 3.2";
			developmentRegion = English;
			hasScannedForEncodings = 0;
			knownRegions = (
				en,
			);
			mainGroup = 7C7AC3001CB6755D0055D9F0;
			productRefGroup = 7C7AC30A1CB6755E0055D9F0 /* Products */;
			projectDirPath = "";
			projectRoot = "";
			targets = (
				7C7AC3081CB6755D0055D9F0 /* PeopleDatabase */,
			);
		};
/* End PBXProject section */

/* Begin PBXSourcesBuildPhase section */
		7C7AC3051CB6755D0055D9F0 /* Sources */ = {
			isa = PBXSourcesBuildPhase;
			buildActionMask = 2147483647;
			files = (
				7C7AC3141CB675700055D9F0 /* Person.swift in Sources */,
				7C7AC30D1CB6755E0055D9F0 /* main.swift in Sources */,
				7C7AC3161CB676A40055D9F0 /* helpers.swift in Sources */,
			);
			runOnlyForDeploymentPostprocessing = 0;
		};
/* End PBXSourcesBuildPhase section */

/* Begin XCBuildConfiguration section */
		7C7AC30E1CB6755E0055D9F0 /* Debug */ = {
			isa = XCBuildConfiguration;
			buildSettings = {
				ALWAYS_SEARCH_USER_PATHS = NO;
				CLANG_ANALYZER_NONNULL = YES;
				CLANG_CXX_LANGUAGE_STANDARD = "gnu++0x";
				CLANG_CXX_LIBRARY = "libc++";
				CLANG_ENABLE_MODULES = YES;
				CLANG_ENABLE_OBJC_ARC = YES;
				CLANG_WARN_BOOL_CONVERSION = YES;
				CLANG_WARN_CONSTANT_CONVERSION = YES;
				CLANG_WARN_DIRECT_OBJC_ISA_USAGE = YES_ERROR;
				CLANG_WARN_EMPTY_BODY = YES;
				CLANG_WARN_ENUM_CONVERSION = YES;
				CLANG_WARN_INT_CONVERSION = YES;
				CLANG_WARN_OBJC_ROOT_CLASS = YES_ERROR;
				CLANG_WARN_UNREACHABLE_CODE = YES;
				CLANG_WARN__DUPLICATE_METHOD_MATCH = YES;
				CODE_SIGN_IDENTITY = "-";
				COPY_PHASE_STRIP = NO;
				DEBUG_INFORMATION_FORMAT = dwarf;
				ENABLE_STRICT_OBJC_MSGSEND = YES;
				ENABLE_TESTABILITY = YES;
				GCC_C_LANGUAGE_STANDARD = gnu99;
				GCC_DYNAMIC_NO_PIC = NO;
				GCC_NO_COMMON_BLOCKS = YES;
				GCC_OPTIMIZATION_LEVEL = 0;
				GCC_PREPROCESSOR_DEFINITIONS = (
					"DEBUG=1",
					"$(inherited)",
				);
				GCC_WARN_64_TO_32_BIT_CONVERSION = YES;
				GCC_WARN_ABOUT_RETURN_TYPE = YES_ERROR;
				GCC_WARN_UNDECLARED_SELECTOR = YES;
				GCC_WARN_UNINITIALIZED_AUTOS = YES_AGGRESSIVE;
				GCC_WARN_UNUSED_FUNCTION = YES;
				GCC_WARN_UNUSED_VARIABLE = YES;
				MACOSX_DEPLOYMENT_TARGET = 10.11;
				MTL_ENABLE_DEBUG_INFO = YES;
				ONLY_ACTIVE_ARCH = YES;
				SDKROOT = macosx;
				SWIFT_OPTIMIZATION_LEVEL = "-Onone";
			};
			name = Debug;
		};
		7C7AC30F1CB6755E0055D9F0 /* Release */ = {
			isa = XCBuildConfiguration;
			buildSettings = {
				ALWAYS_SEARCH_USER_PATHS = NO;
				CLANG_ANALYZER_NONNULL = YES;
				CLANG_CXX_LANGUAGE_STANDARD = "gnu++0x";
				CLANG_CXX_LIBRARY = "libc++";
				CLANG_ENABLE_MODULES = YES;
				CLANG_ENABLE_OBJC_ARC = YES;
				CLANG_WARN_BOOL_CONVERSION = YES;
				CLANG_WARN_CONSTANT_CONVERSION = YES;
				CLANG_WARN_DIRECT_OBJC_ISA_USAGE = YES_ERROR;
				CLANG_WARN_EMPTY_BODY = YES;
				CLANG_WARN_ENUM_CONVERSION = YES;
				CLANG_WARN_INT_CONVERSION = YES;
				CLANG_WARN_OBJC_ROOT_CLASS = YES_ERROR;
				CLANG_WARN_UNREACHABLE_CODE = YES;
				CLANG_WARN__DUPLICATE_METHOD_MATCH = YES;
				CODE_SIGN_IDENTITY = "-";
				COPY_PHASE_STRIP = NO;
				DEBUG_INFORMATION_FORMAT = "dwarf-with-dsym";
				ENABLE_NS_ASSERTIONS = NO;
				ENABLE_STRICT_OBJC_MSGSEND = YES;
				GCC_C_LANGUAGE_STANDARD = gnu99;
				GCC_NO_COMMON_BLOCKS = YES;
				GCC_WARN_64_TO_32_BIT_CONVERSION = YES;
				GCC_WARN_ABOUT_RETURN_TYPE = YES_ERROR;
				GCC_WARN_UNDECLARED_SELECTOR = YES;
				GCC_WARN_UNINITIALIZED_AUTOS = YES_AGGRESSIVE;
				GCC_WARN_UNUSED_FUNCTION = YES;
				GCC_WARN_UNUSED_VARIABLE = YES;
				MACOSX_DEPLOYMENT_TARGET = 10.11;
				MTL_ENABLE_DEBUG_INFO = NO;
				SDKROOT = macosx;
			};
			name = Release;
		};
		7C7AC3111CB6755E0055D9F0 /* Debug */ = {
			isa = XCBuildConfiguration;
			buildSettings = {
				PRODUCT_NAME = "$(TARGET_NAME)";
			};
			name = Debug;
		};
		7C7AC3121CB6755E0055D9F0 /* Release */ = {
			isa = XCBuildConfiguration;
			buildSettings = {
				PRODUCT_NAME = "$(TARGET_NAME)";
			};
			name = Release;
		};
/* End XCBuildConfiguration section */

/* Begin XCConfigurationList section */
		7C7AC3041CB6755D0055D9F0 /* Build configuration list for PBXProject "PeopleDatabase" */ = {
			isa = XCConfigurationList;
			buildConfigurations = (
				7C7AC30E1CB6755E0055D9F0 /* Debug */,
				7C7AC30F1CB6755E0055D9F0 /* Release */,
			);
			defaultConfigurationIsVisible = 0;
			defaultConfigurationName = Release;
		};
		7C7AC3101CB6755E0055D9F0 /* Build configuration list for PBXNativeTarget "PeopleDatabase" */ = {
			isa = XCConfigurationList;
			buildConfigurations = (
				7C7AC3111CB6755E0055D9F0 /* Debug */,
				7C7AC3121CB6755E0055D9F0 /* Release */,
			);
			defaultConfigurationIsVisible = 0;
		};
/* End XCConfigurationList section */
	};
	rootObject = 7C7AC3011CB6755D0055D9F0 /* Project object */;
}
