// !$*UTF8*$!
{
	archiveVersion = 1;
	classes = {
	};
	objectVersion = 46;
	objects = {

/* Begin PBXBuildFile section */
		7CF652671CF7051B00D85FAD /* AppDelegate.swift in Sources */ = {isa = PBXBuildFile; fileRef = 7CF652661CF7051B00D85FAD /* AppDelegate.swift */; };
		7CF652691CF7051B00D85FAD /* ViewController.swift in Sources */ = {isa = PBXBuildFile; fileRef = 7CF652681CF7051B00D85FAD /* ViewController.swift */; };
		7CF6526C1CF7051B00D85FAD /* Main.storyboard in Resources */ = {isa = PBXBuildFile; fileRef = 7CF6526A1CF7051B00D85FAD /* Main.storyboard */; };
		7CF6526E1CF7051B00D85FAD /* Assets.xcassets in Resources */ = {isa = PBXBuildFile; fileRef = 7CF6526D1CF7051B00D85FAD /* Assets.xcassets */; };
		7CF652711CF7051B00D85FAD /* LaunchScreen.storyboard in Resources */ = {isa = PBXBuildFile; fileRef = 7CF6526F1CF7051B00D85FAD /* LaunchScreen.storyboard */; };
		7CF652791CF705E200D85FAD /* PushButtonView.swift in Sources */ = {isa = PBXBuildFile; fileRef = 7CF652781CF705E200D85FAD /* PushButtonView.swift */; };
		7CF6527B1CF70DCD00D85FAD /* CounterView.swift in Sources */ = {isa = PBXBuildFile; fileRef = 7CF6527A1CF70DCD00D85FAD /* CounterView.swift */; };
/* End PBXBuildFile section */

/* Begin PBXFileReference section */
		7CF652631CF7051B00D85FAD /* Flo.app */ = {isa = PBXFileReference; explicitFileType = wrapper.application; includeInIndex = 0; path = Flo.app; sourceTree = BUILT_PRODUCTS_DIR; };
		7CF652661CF7051B00D85FAD /* AppDelegate.swift */ = {isa = PBXFileReference; lastKnownFileType = sourcecode.swift; path = AppDelegate.swift; sourceTree = "<group>"; };
		7CF652681CF7051B00D85FAD /* ViewController.swift */ = {isa = PBXFileReference; lastKnownFileType = sourcecode.swift; path = ViewController.swift; sourceTree = "<group>"; };
		7CF6526B1CF7051B00D85FAD /* Base */ = {isa = PBXFileReference; lastKnownFileType = file.storyboard; name = Base; path = Base.lproj/Main.storyboard; sourceTree = "<group>"; };
		7CF6526D1CF7051B00D85FAD /* Assets.xcassets */ = {isa = PBXFileReference; lastKnownFileType = folder.assetcatalog; path = Assets.xcassets; sourceTree = "<group>"; };
		7CF652701CF7051B00D85FAD /* Base */ = {isa = PBXFileReference; lastKnownFileType = file.storyboard; name = Base; path = Base.lproj/LaunchScreen.storyboard; sourceTree = "<group>"; };
		7CF652721CF7051B00D85FAD /* Info.plist */ = {isa = PBXFileReference; lastKnownFileType = text.plist.xml; path = Info.plist; sourceTree = "<group>"; };
		7CF652781CF705E200D85FAD /* PushButtonView.swift */ = {isa = PBXFileReference; fileEncoding = 4; lastKnownFileType = sourcecode.swift; name = PushButtonView.swift; path = ../PushButtonView.swift; sourceTree = "<group>"; };
		7CF6527A1CF70DCD00D85FAD /* CounterView.swift */ = {isa = PBXFileReference; fileEncoding = 4; lastKnownFileType = sourcecode.swift; path = CounterView.swift; sourceTree = "<group>"; };
/* End PBXFileReference section */

/* Begin PBXFrameworksBuildPhase section */
		7CF652601CF7051B00D85FAD /* Frameworks */ = {
			isa = PBXFrameworksBuildPhase;
			buildActionMask = 2147483647;
			files = (
			);
			runOnlyForDeploymentPostprocessing = 0;
		};
/* End PBXFrameworksBuildPhase section */

/* Begin PBXGroup section */
		7CF6525A1CF7051B00D85FAD = {
			isa = PBXGroup;
			children = (
				7CF652651CF7051B00D85FAD /* Flo */,
				7CF652641CF7051B00D85FAD /* Products */,
			);
			sourceTree = "<group>";
		};
		7CF652641CF7051B00D85FAD /* Products */ = {
			isa = PBXGroup;
			children = (
				7CF652631CF7051B00D85FAD /* Flo.app */,
			);
			name = Products;
			sourceTree = "<group>";
		};
		7CF652651CF7051B00D85FAD /* Flo */ = {
			isa = PBXGroup;
			children = (
				7CF652781CF705E200D85FAD /* PushButtonView.swift */,
				7CF652661CF7051B00D85FAD /* AppDelegate.swift */,
				7CF652681CF7051B00D85FAD /* ViewController.swift */,
				7CF6526A1CF7051B00D85FAD /* Main.storyboard */,
				7CF6526D1CF7051B00D85FAD /* Assets.xcassets */,
				7CF6526F1CF7051B00D85FAD /* LaunchScreen.storyboard */,
				7CF652721CF7051B00D85FAD /* Info.plist */,
				7CF6527A1CF70DCD00D85FAD /* CounterView.swift */,
			);
			path = Flo;
			sourceTree = "<group>";
		};
/* End PBXGroup section */

/* Begin PBXNativeTarget section */
		7CF652621CF7051B00D85FAD /* Flo */ = {
			isa = PBXNativeTarget;
			buildConfigurationList = 7CF652751CF7051B00D85FAD /* Build configuration list for PBXNativeTarget "Flo" */;
			buildPhases = (
				7CF6525F1CF7051B00D85FAD /* Sources */,
				7CF652601CF7051B00D85FAD /* Frameworks */,
				7CF652611CF7051B00D85FAD /* Resources */,
			);
			buildRules = (
			);
			dependencies = (
			);
			name = Flo;
			productName = Flo;
			productReference = 7CF652631CF7051B00D85FAD /* Flo.app */;
			productType = "com.apple.product-type.application";
		};
/* End PBXNativeTarget section */

/* Begin PBXProject section */
		7CF6525B1CF7051B00D85FAD /* Project object */ = {
			isa = PBXProject;
			attributes = {
				LastSwiftUpdateCheck = 0730;
				LastUpgradeCheck = 0730;
				ORGANIZATIONNAME = HyunWindows;
				TargetAttributes = {
					7CF652621CF7051B00D85FAD = {
						CreatedOnToolsVersion = 7.3;
					};
				};
			};
			buildConfigurationList = 7CF6525E1CF7051B00D85FAD /* Build configuration list for PBXProject "Flo" */;
			compatibilityVersion = "Xcode 3.2";
			developmentRegion = English;
			hasScannedForEncodings = 0;
			knownRegions = (
				en,
				Base,
			);
			mainGroup = 7CF6525A1CF7051B00D85FAD;
			productRefGroup = 7CF652641CF7051B00D85FAD /* Products */;
			projectDirPath = "";
			projectRoot = "";
			targets = (
				7CF652621CF7051B00D85FAD /* Flo */,
			);
		};
/* End PBXProject section */

/* Begin PBXResourcesBuildPhase section */
		7CF652611CF7051B00D85FAD /* Resources */ = {
			isa = PBXResourcesBuildPhase;
			buildActionMask = 2147483647;
			files = (
				7CF652711CF7051B00D85FAD /* LaunchScreen.storyboard in Resources */,
				7CF6526E1CF7051B00D85FAD /* Assets.xcassets in Resources */,
				7CF6526C1CF7051B00D85FAD /* Main.storyboard in Resources */,
			);
			runOnlyForDeploymentPostprocessing = 0;
		};
/* End PBXResourcesBuildPhase section */

/* Begin PBXSourcesBuildPhase section */
		7CF6525F1CF7051B00D85FAD /* Sources */ = {
			isa = PBXSourcesBuildPhase;
			buildActionMask = 2147483647;
			files = (
				7CF652691CF7051B00D85FAD /* ViewController.swift in Sources */,
				7CF652791CF705E200D85FAD /* PushButtonView.swift in Sources */,
				7CF652671CF7051B00D85FAD /* AppDelegate.swift in Sources */,
				7CF6527B1CF70DCD00D85FAD /* CounterView.swift in Sources */,
			);
			runOnlyForDeploymentPostprocessing = 0;
		};
/* End PBXSourcesBuildPhase section */

/* Begin PBXVariantGroup section */
		7CF6526A1CF7051B00D85FAD /* Main.storyboard */ = {
			isa = PBXVariantGroup;
			children = (
				7CF6526B1CF7051B00D85FAD /* Base */,
			);
			name = Main.storyboard;
			sourceTree = "<group>";
		};
		7CF6526F1CF7051B00D85FAD /* LaunchScreen.storyboard */ = {
			isa = PBXVariantGroup;
			children = (
				7CF652701CF7051B00D85FAD /* Base */,
			);
			name = LaunchScreen.storyboard;
			sourceTree = "<group>";
		};
/* End PBXVariantGroup section */

/* Begin XCBuildConfiguration section */
		7CF652731CF7051B00D85FAD /* Debug */ = {
			isa = XCBuildConfiguration;
			buildSettings = {
				ALWAYS_SEARCH_USER_PATHS = NO;
				CLANG_ANALYZER_NONNULL = YES;
				CLANG_CXX_LANGUAGE_STANDARD = "gnu++0x";
				CLANG_CXX_LIBRARY = "libc++";
				CLANG_ENABLE_MODULES = YES;
				CLANG_ENABLE_OBJC_ARC = YES;
				CLANG_WARN_BOOL_CONVERSION = YES;
				CLANG_WARN_CONSTANT_CONVERSION = YES;
				CLANG_WARN_DIRECT_OBJC_ISA_USAGE = YES_ERROR;
				CLANG_WARN_EMPTY_BODY = YES;
				CLANG_WARN_ENUM_CONVERSION = YES;
				CLANG_WARN_INT_CONVERSION = YES;
				CLANG_WARN_OBJC_ROOT_CLASS = YES_ERROR;
				CLANG_WARN_UNREACHABLE_CODE = YES;
				CLANG_WARN__DUPLICATE_METHOD_MATCH = YES;
				"CODE_SIGN_IDENTITY[sdk=iphoneos*]" = "iPhone Developer";
				COPY_PHASE_STRIP = NO;
				DEBUG_INFORMATION_FORMAT = dwarf;
				ENABLE_STRICT_OBJC_MSGSEND = YES;
				ENABLE_TESTABILITY = YES;
				GCC_C_LANGUAGE_STANDARD = gnu99;
				GCC_DYNAMIC_NO_PIC = NO;
				GCC_NO_COMMON_BLOCKS = YES;
				GCC_OPTIMIZATION_LEVEL = 0;
				GCC_PREPROCESSOR_DEFINITIONS = (
					"DEBUG=1",
					"$(inherited)",
				);
				GCC_WARN_64_TO_32_BIT_CONVERSION = YES;
				GCC_WARN_ABOUT_RETURN_TYPE = YES_ERROR;
				GCC_WARN_UNDECLARED_SELECTOR = YES;
				GCC_WARN_UNINITIALIZED_AUTOS = YES_AGGRESSIVE;
				GCC_WARN_UNUSED_FUNCTION = YES;
				GCC_WARN_UNUSED_VARIABLE = YES;
				IPHONEOS_DEPLOYMENT_TARGET = 9.3;
				MTL_ENABLE_DEBUG_INFO = YES;
				ONLY_ACTIVE_ARCH = YES;
				SDKROOT = iphoneos;
				SWIFT_OPTIMIZATION_LEVEL = "-Onone";
				TARGETED_DEVICE_FAMILY = "1,2";
			};
			name = Debug;
		};
		7CF652741CF7051B00D85FAD /* Release */ = {
			isa = XCBuildConfiguration;
			buildSettings = {
				ALWAYS_SEARCH_USER_PATHS = NO;
				CLANG_ANALYZER_NONNULL = YES;
				CLANG_CXX_LANGUAGE_STANDARD = "gnu++0x";
				CLANG_CXX_LIBRARY = "libc++";
				CLANG_ENABLE_MODULES = YES;
				CLANG_ENABLE_OBJC_ARC = YES;
				CLANG_WARN_BOOL_CONVERSION = YES;
				CLANG_WARN_CONSTANT_CONVERSION = YES;
				CLANG_WARN_DIRECT_OBJC_ISA_USAGE = YES_ERROR;
				CLANG_WARN_EMPTY_BODY = YES;
				CLANG_WARN_ENUM_CONVERSION = YES;
				CLANG_WARN_INT_CONVERSION = YES;
				CLANG_WARN_OBJC_ROOT_CLASS = YES_ERROR;
				CLANG_WARN_UNREACHABLE_CODE = YES;
				CLANG_WARN__DUPLICATE_METHOD_MATCH = YES;
				"CODE_SIGN_IDENTITY[sdk=iphoneos*]" = "iPhone Developer";
				COPY_PHASE_STRIP = NO;
				DEBUG_INFORMATION_FORMAT = "dwarf-with-dsym";
				ENABLE_NS_ASSERTIONS = NO;
				ENABLE_STRICT_OBJC_MSGSEND = YES;
				GCC_C_LANGUAGE_STANDARD = gnu99;
				GCC_NO_COMMON_BLOCKS = YES;
				GCC_WARN_64_TO_32_BIT_CONVERSION = YES;
				GCC_WARN_ABOUT_RETURN_TYPE = YES_ERROR;
				GCC_WARN_UNDECLARED_SELECTOR = YES;
				GCC_WARN_UNINITIALIZED_AUTOS = YES_AGGRESSIVE;
				GCC_WARN_UNUSED_FUNCTION = YES;
				GCC_WARN_UNUSED_VARIABLE = YES;
				IPHONEOS_DEPLOYMENT_TARGET = 9.3;
				MTL_ENABLE_DEBUG_INFO = NO;
				SDKROOT = iphoneos;
				TARGETED_DEVICE_FAMILY = "1,2";
				VALIDATE_PRODUCT = YES;
			};
			name = Release;
		};
		7CF652761CF7051B00D85FAD /* Debug */ = {
			isa = XCBuildConfiguration;
			buildSettings = {
				ASSETCATALOG_COMPILER_APPICON_NAME = AppIcon;
				INFOPLIST_FILE = Flo/Info.plist;
				IPHONEOS_DEPLOYMENT_TARGET = 8.4;
				LD_RUNPATH_SEARCH_PATHS = "$(inherited) @executable_path/Frameworks";
				PRODUCT_BUNDLE_IDENTIFIER = kpu.2016class.Flo;
				PRODUCT_NAME = "$(TARGET_NAME)";
			};
			name = Debug;
		};
		7CF652771CF7051B00D85FAD /* Release */ = {
			isa = XCBuildConfiguration;
			buildSettings = {
				ASSETCATALOG_COMPILER_APPICON_NAME = AppIcon;
				INFOPLIST_FILE = Flo/Info.plist;
				IPHONEOS_DEPLOYMENT_TARGET = 8.4;
				LD_RUNPATH_SEARCH_PATHS = "$(inherited) @executable_path/Frameworks";
				PRODUCT_BUNDLE_IDENTIFIER = kpu.2016class.Flo;
				PRODUCT_NAME = "$(TARGET_NAME)";
			};
			name = Release;
		};
/* End XCBuildConfiguration section */

/* Begin XCConfigurationList section */
		7CF6525E1CF7051B00D85FAD /* Build configuration list for PBXProject "Flo" */ = {
			isa = XCConfigurationList;
			buildConfigurations = (
				7CF652731CF7051B00D85FAD /* Debug */,
				7CF652741CF7051B00D85FAD /* Release */,
			);
			defaultConfigurationIsVisible = 0;
			defaultConfigurationName = Release;
		};
		7CF652751CF7051B00D85FAD /* Build configuration list for PBXNativeTarget "Flo" */ = {
			isa = XCConfigurationList;
			buildConfigurations = (
				7CF652761CF7051B00D85FAD /* Debug */,
				7CF652771CF7051B00D85FAD /* Release */,
			);
			defaultConfigurationIsVisible = 0;
		};
/* End XCConfigurationList section */
	};
	rootObject = 7CF6525B1CF7051B00D85FAD /* Project object */;
}
